
Microsoft Visual Studio Solution File, Format Version 11.00
# Visual C# Express 2010
Project("{FAE04EC0-301F-11D3-BF4B-00C04F79EFBC}") = "Obsidian", "Obsidian\Obsidian.csproj", "{376E3DEC-B87D-4493-ABD3-17011F5AE9DC}"
EndProject
Project("{FAE04EC0-301F-11D3-BF4B-00C04F79EFBC}") = "ObsidianFunctions", "..\ObsidianFunctions\ObsidianFunctions\ObsidianFunctions.csproj", "{5B79AC91-EF5B-49EF-88E2-D5A8D5F6DB31}"
EndProject
Project("{FAE04EC0-301F-11D3-BF4B-00C04F79EFBC}") = "FervorLibrary", "..\FervorLibrary\FervorLibrary\FervorLibrary.csproj", "{7BCDB122-07CF-4B77-8FC0-89487998881D}"
EndProject
Global
	GlobalSection(SolutionConfigurationPlatforms) = preSolution
		Debug|Any CPU = Debug|Any CPU
		Debug|Mixed Platforms = Debug|Mixed Platforms
		Debug|x86 = Debug|x86
		Release|Any CPU = Release|Any CPU
		Release|Mixed Platforms = Release|Mixed Platforms
		Release|x86 = Release|x86
	EndGlobalSection
	GlobalSection(ProjectConfigurationPlatforms) = postSolution
		{376E3DEC-B87D-4493-ABD3-17011F5AE9DC}.Debug|Any CPU.ActiveCfg = Debug|x86
		{376E3DEC-B87D-4493-ABD3-17011F5AE9DC}.Debug|Mixed Platforms.ActiveCfg = Debug|x86
		{376E3DEC-B87D-4493-ABD3-17011F5AE9DC}.Debug|Mixed Platforms.Build.0 = Debug|x86
		{376E3DEC-B87D-4493-ABD3-17011F5AE9DC}.Debug|x86.ActiveCfg = Debug|x86
		{376E3DEC-B87D-4493-ABD3-17011F5AE9DC}.Debug|x86.Build.0 = Debug|x86
		{376E3DEC-B87D-4493-ABD3-17011F5AE9DC}.Release|Any CPU.ActiveCfg = Release|x86
		{376E3DEC-B87D-4493-ABD3-17011F5AE9DC}.Release|Mixed Platforms.ActiveCfg = Release|x86
		{376E3DEC-B87D-4493-ABD3-17011F5AE9DC}.Release|Mixed Platforms.Build.0 = Release|x86
		{376E3DEC-B87D-4493-ABD3-17011F5AE9DC}.Release|x86.ActiveCfg = Release|x86
		{376E3DEC-B87D-4493-ABD3-17011F5AE9DC}.Release|x86.Build.0 = Release|x86
		{5B79AC91-EF5B-49EF-88E2-D5A8D5F6DB31}.Debug|Any CPU.ActiveCfg = Debug|Any CPU
		{5B79AC91-EF5B-49EF-88E2-D5A8D5F6DB31}.Debug|Any CPU.Build.0 = Debug|Any CPU
		{5B79AC91-EF5B-49EF-88E2-D5A8D5F6DB31}.Debug|Mixed Platforms.ActiveCfg = Debug|Any CPU
		{5B79AC91-EF5B-49EF-88E2-D5A8D5F6DB31}.Debug|Mixed Platforms.Build.0 = Debug|Any CPU
		{5B79AC91-EF5B-49EF-88E2-D5A8D5F6DB31}.Debug|x86.ActiveCfg = Debug|Any CPU
		{5B79AC91-EF5B-49EF-88E2-D5A8D5F6DB31}.Release|Any CPU.ActiveCfg = Release|Any CPU
		{5B79AC91-EF5B-49EF-88E2-D5A8D5F6DB31}.Release|Any CPU.Build.0 = Release|Any CPU
		{5B79AC91-EF5B-49EF-88E2-D5A8D5F6DB31}.Release|Mixed Platforms.ActiveCfg = Release|Any CPU
		{5B79AC91-EF5B-49EF-88E2-D5A8D5F6DB31}.Release|Mixed Platforms.Build.0 = Release|Any CPU
		{5B79AC91-EF5B-49EF-88E2-D5A8D5F6DB31}.Release|x86.ActiveCfg = Release|Any CPU
		{7BCDB122-07CF-4B77-8FC0-89487998881D}.Debug|Any CPU.ActiveCfg = Debug|Any CPU
		{7BCDB122-07CF-4B77-8FC0-89487998881D}.Debug|Any CPU.Build.0 = Debug|Any CPU
		{7BCDB122-07CF-4B77-8FC0-89487998881D}.Debug|Mixed Platforms.ActiveCfg = Debug|Any CPU
		{7BCDB122-07CF-4B77-8FC0-89487998881D}.Debug|Mixed Platforms.Build.0 = Debug|Any CPU
		{7BCDB122-07CF-4B77-8FC0-89487998881D}.Debug|x86.ActiveCfg = Debug|Any CPU
		{7BCDB122-07CF-4B77-8FC0-89487998881D}.Release|Any CPU.ActiveCfg = Release|Any CPU
		{7BCDB122-07CF-4B77-8FC0-89487998881D}.Release|Any CPU.Build.0 = Release|Any CPU
		{7BCDB122-07CF-4B77-8FC0-89487998881D}.Release|Mixed Platforms.ActiveCfg = Release|Any CPU
		{7BCDB122-07CF-4B77-8FC0-89487998881D}.Release|Mixed Platforms.Build.0 = Release|Any CPU
		{7BCDB122-07CF-4B77-8FC0-89487998881D}.Release|x86.ActiveCfg = Release|Any CPU
	EndGlobalSection
	GlobalSection(SolutionProperties) = preSolution
		HideSolutionNode = FALSE
	EndGlobalSection
EndGlobal
